
Microsoft Visual Studio Solution File, Format Version 12.00
# Visual Studio 15
VisualStudioVersion = 15.0.28307.329
MinimumVisualStudioVersion = 10.0.40219.1
Project("{FAE04EC0-301F-11D3-BF4B-00C04F79EFBC}") = "WindowsFormsApp44", "WindowsFormsApp44\WindowsFormsApp44.csproj", "{026426DE-7D0B-4FA3-9313-9C4FF3C9B496}"
EndProject
Global
	GlobalSection(SolutionConfigurationPlatforms) = preSolution
		Debug|Any CPU = Debug|Any CPU
		Release|Any CPU = Release|Any CPU
	EndGlobalSection
	GlobalSection(ProjectConfigurationPlatforms) = postSolution
		{026426DE-7D0B-4FA3-9313-9C4FF3C9B496}.Debug|Any CPU.ActiveCfg = Debug|Any CPU
		{026426DE-7D0B-4FA3-9313-9C4FF3C9B496}.Debug|Any CPU.Build.0 = Debug|Any CPU
		{026426DE-7D0B-4FA3-9313-9C4FF3C9B496}.Release|Any CPU.ActiveCfg = Release|Any CPU
		{026426DE-7D0B-4FA3-9313-9C4FF3C9B496}.Release|Any CPU.Build.0 = Release|Any CPU
	EndGlobalSection
	GlobalSection(SolutionProperties) = preSolution
		HideSolutionNode = FALSE
	EndGlobalSection
	GlobalSection(ExtensibilityGlobals) = postSolution
		SolutionGuid = {049944C4-6ABF-4DF1-9345-17D76A35F923}
	EndGlobalSection
EndGlobal
